
Microsoft Visual Studio Solution File, Format Version 12.00
# Visual Studio Version 17
VisualStudioVersion = 17.14.36221.1 d17.14
MinimumVisualStudioVersion = 10.0.40219.1
Project("{FAE04EC0-301F-11D3-BF4B-00C04F79EFBC}") = "MyWorkSalary", "MyWorkSalary\MyWorkSalary.csproj", "{E71A8A15-A078-4C3F-8F95-4ADA20332528}"
EndProject
Global
	GlobalSection(SolutionConfigurationPlatforms) = preSolution
		Debug|Any CPU = Debug|Any CPU
		Release|Any CPU = Release|Any CPU
	EndGlobalSection
	GlobalSection(ProjectConfigurationPlatforms) = postSolution
		{E71A8A15-A078-4C3F-8F95-4ADA20332528}.Debug|Any CPU.ActiveCfg = Debug|Any CPU
		{E71A8A15-A078-4C3F-8F95-4ADA20332528}.Debug|Any CPU.Build.0 = Debug|Any CPU
		{E71A8A15-A078-4C3F-8F95-4ADA20332528}.Debug|Any CPU.Deploy.0 = Debug|Any CPU
		{E71A8A15-A078-4C3F-8F95-4ADA20332528}.Release|Any CPU.ActiveCfg = Release|Any CPU
		{E71A8A15-A078-4C3F-8F95-4ADA20332528}.Release|Any CPU.Build.0 = Release|Any CPU
		{E71A8A15-A078-4C3F-8F95-4ADA20332528}.Release|Any CPU.Deploy.0 = Release|Any CPU
	EndGlobalSection
	GlobalSection(SolutionProperties) = preSolution
		HideSolutionNode = FALSE
	EndGlobalSection
	GlobalSection(ExtensibilityGlobals) = postSolution
		SolutionGuid = {F91CE26F-6188-4B8F-BD26-03B88F772E5E}
	EndGlobalSection
EndGlobal
